lockfileVersion: '9.0'

settings:
  autoInstallPeers: true
  excludeLinksFromLockfile: false

importers:

  .:
    dependencies:
      '@scopeguard/cli':
        specifier: workspace:*
        version: link:apps/cli
    devDependencies:
      '@types/node':
        specifier: ^24.3.0
        version: 24.12.2
      typescript:
        specifier: ^5.9.3
        version: 5.9.3

  apps/cli:
    dependencies:
      '@scopeguard/codex-runner':
        specifier: workspace:*
        version: link:../../packages/codex-runner
      '@scopeguard/core':
        specifier: workspace:*
        version: link:../../packages/core
      '@scopeguard/repo-analyzer':
        specifier: workspace:*
        version: link:../../packages/repo-analyzer
      '@scopeguard/server':
        specifier: workspace:*
        version: link:../server

  apps/server:
    dependencies:
      '@scopeguard/core':
        specifier: workspace:*
        version: link:../../packages/core

  apps/web: {}

  packages/codex-runner:
    dependencies:
      '@scopeguard/core':
        specifier: workspace:*
        version: link:../core
      cross-spawn:
        specifier: ^7.0.6
        version: 7.0.6
    devDependencies:
      '@types/cross-spawn':
        specifier: ^6.0.6
        version: 6.0.6

  packages/core:
    dependencies:
      cross-spawn:
        specifier: ^7.0.6
        version: 7.0.6
      minimatch:
        specifier: ^10.0.3
        version: 10.2.5
    devDependencies:
      '@types/cross-spawn':
        specifier: ^6.0.6
        version: 6.0.6

  packages/repo-analyzer: {}

  packages/shared: {}

packages:

  '@types/cross-spawn@6.0.6':
    resolution: {integrity: sha512-fXRhhUkG4H3TQk5dBhQ7m/JDdSNHKwR2BBia62lhwEIq9xGiQKLxd6LymNhn47SjXhsUEPmxi+PKw2OkW4LLjA==}

  '@types/node@24.12.2':
    resolution: {integrity: sha512-A1sre26ke7HDIuY/M23nd9gfB+nrmhtYyMINbjI1zHJxYteKR6qSMX56FsmjMcDb3SMcjJg5BiRRgOCC/yBD0g==}

  balanced-match@4.0.4:
    resolution: {integrity: sha512-BLrgEcRTwX2o6gGxGOCNyMvGSp35YofuYzw9h1IMTRmKqttAZZVU67bdb9Pr2vUHA8+j3i2tJfjO6C6+4myGTA==}
    engines: {node: 18 || 20 || >=22}

  brace-expansion@5.0.5:
    resolution: {integrity: sha512-VZznLgtwhn+Mact9tfiwx64fA9erHH/MCXEUfB/0bX/6Fz6ny5EGTXYltMocqg4xFAQZtnO3DHWWXi8RiuN7cQ==}
    engines: {node: 18 || 20 || >=22}

  cross-spawn@7.0.6:
    resolution: {integrity: sha512-uV2QOWP2nWzsy2aMp8aRibhi9dlzF5Hgh5SHaB9OiTGEyDTiJJyx0uy51QXdyWbtAHNua4XJzUKca3OzKUd3vA==}
    engines: {node: '>= 8'}

  isexe@2.0.0:
    resolution: {integrity: sha512-RHxMLp9lnKHGHRng9QFhRCMbYAcVpn69smSGcq3f36xjgVVWThj4qqLbTLlq7Ssj8B+fIQ1EuCEGI2lKsyQeIw==}

  minimatch@10.2.5:
    resolution: {integrity: sha512-MULkVLfKGYDFYejP07QOurDLLQpcjk7Fw+7jXS2R2czRQzR56yHRveU5NDJEOviH+hETZKSkIk5c+T23GjFUMg==}
    engines: {node: 18 || 20 || >=22}

  path-key@3.1.1:
    resolution: {integrity: sha512-ojmeN0qd+y0jszEtoY48r0Peq5dwMEkIlCOu6Q5f41lfkswXuKtYrhgoTpLnyIcHm24Uhqx+5Tqm2InSwLhE6Q==}
    engines: {node: '>=8'}

  shebang-command@2.0.0:
    resolution: {integrity: sha512-kHxr2zZpYtdmrN1qDjrrX/Z1rR1kG8Dx+gkpK1G4eXmvXswmcE1hTWBWYUzlraYw1/yZp6YuDY77YtvbN0dmDA==}
    engines: {node: '>=8'}

  shebang-regex@3.0.0:
    resolution: {integrity: sha512-7++dFhtcx3353uBaq8DDR4NuxBetBzC7ZQOhmTQInHEd6bSrXdiEyzCvG07Z44UYdLShWUyXt5M/yhz8ekcb1A==}
    engines: {node: '>=8'}

  typescript@5.9.3:
    resolution: {integrity: sha512-jl1vZzPDinLr9eUt3J/t7V6FgNEw9QjvBPdysz9KfQDD41fQrC2Y4vKQdiaUpFT4bXlb1RHhLpp8wtm6M5TgSw==}
    engines: {node: '>=14.17'}
    hasBin: true

  undici-types@7.16.0:
    resolution: {integrity: sha512-Zz+aZWSj8LE6zoxD+xrjh4VfkIG8Ya6LvYkZqtUQGJPZjYl53ypCaUwWqo7eI0x66KBGeRo+mlBEkMSeSZ38Nw==}

  which@2.0.2:
    resolution: {integrity: sha512-BLI3Tl1TW3Pvl70l3yq3Y64i+awpwXqsGBYWkkqMtnbXgrMD+yj7rhW0kuEDxzJaYXGjEW5ogapKNMEKNMjibA==}
    engines: {node: '>= 8'}
    hasBin: true

snapshots:

  '@types/cross-spawn@6.0.6':
    dependencies:
      '@types/node': 24.12.2

  '@types/node@24.12.2':
    dependencies:
      undici-types: 7.16.0

  balanced-match@4.0.4: {}

  brace-expansion@5.0.5:
    dependencies:
      balanced-match: 4.0.4

  cross-spawn@7.0.6:
    dependencies:
      path-key: 3.1.1
      shebang-command: 2.0.0
      which: 2.0.2

  isexe@2.0.0: {}

  minimatch@10.2.5:
    dependencies:
      brace-expansion: 5.0.5

  path-key@3.1.1: {}

  shebang-command@2.0.0:
    dependencies:
      shebang-regex: 3.0.0

  shebang-regex@3.0.0: {}

  typescript@5.9.3: {}

  undici-types@7.16.0: {}

  which@2.0.2:
    dependencies:
      isexe: 2.0.0
